{
  "name": "multi-instance-fixture",
  "version": "1.0.0",
  "lockfileVersion": 3,
  "requires": true,
  "packages": {
    "": {
      "name": "multi-instance-fixture",
      "version": "1.0.0",
      "dependencies": {
        "@scope/dup": "1.0.0",
        "aliaslib": "npm:reallib@1.0.0",
        "reallib": "1.0.0",
        "twinlib": "1.0.0"
      }
    },
    "node_modules/@scope/dup": { "version": "1.0.0" },
    "node_modules/aliaslib": { "name": "reallib", "version": "1.0.0" },
    "node_modules/app": { "resolved": "packages/app", "link": true },
    "node_modules/privlib": { "resolved": "packages/privlib", "link": true },
    "node_modules/reallib": { "version": "1.0.0" },
    "node_modules/scopeddup": { "resolved": "packages/scopeddup", "link": true },
    "node_modules/twinlib": { "version": "1.0.0" },
    "packages/app": {
      "name": "app",
      "version": "1.0.0",
      "dependencies": { "twinlib": "1.0.0" }
    },
    "packages/app/node_modules/twinlib": { "version": "1.0.0" },
    "packages/privlib": { "name": "privlib" },
    "packages/scopeddup": { "name": "@scope/dup", "version": "1.0.0" }
  }
}
