{
  "name": "adv-025",
  "version": "1.0.0",
  "lockfileVersion": 3,
  "requires": true,
  "packages": {
    "": {
      "name": "adv-025",
      "version": "1.0.0",
      "dependencies": {
        "adv-vuln-lib": "1.0.0"
      }
    },
    "node_modules/adv-vuln-lib": {
      "version": "1.0.0"
    }
  }
}
