{
  "name": "adv2-073",
  "version": "1.0.0",
  "lockfileVersion": 3,
  "requires": true,
  "packages": {
    "": {
      "name": "adv2-073",
      "version": "1.0.0",
      "dependencies": { "vt2-chain-lib": "1.0.0", "vt2-vuln-lib": "1.0.0" }
    },
    "node_modules/vt2-chain-lib": {
      "version": "1.0.0",
      "dependencies": { "vt2-vuln-lib": "1.0.0" }
    },
    "node_modules/vt2-chain-lib/node_modules/vt2-vuln-lib": {
      "version": "1.0.0"
    },
    "node_modules/vt2-vuln-lib": { "version": "1.0.0" }
  }
}
