{
  "name": "fixture-not-reachable",
  "version": "1.0.0",
  "lockfileVersion": 3,
  "requires": true,
  "packages": {
    "": {
      "name": "fixture-not-reachable",
      "version": "1.0.0",
      "dependencies": {
        "fixture-lib": "1.0.0"
      }
    },
    "node_modules/fixture-lib": {
      "version": "1.0.0"
    }
  }
}
