{
  "name": "adv2-050",
  "version": "1.0.0",
  "lockfileVersion": 3,
  "requires": true,
  "packages": {
    "": {
      "name": "adv2-050",
      "version": "1.0.0",
      "dependencies": { "vt2-holder": "1.0.0", "vt2-vuln-lib": "1.9.0" }
    },
    "node_modules/vt2-vuln-lib": { "version": "1.9.0" },
    "node_modules/vt2-holder": {
      "version": "1.0.0",
      "dependencies": { "vt2-vuln-lib": "1.0.0" }
    },
    "node_modules/vt2-holder/node_modules/vt2-vuln-lib": { "version": "1.0.0" }
  }
}
