{
  "name": "commonjs-coincidental-export-name-fixture",
  "version": "1.0.0",
  "lockfileVersion": 3,
  "requires": true,
  "packages": {
    "": {
      "name": "commonjs-coincidental-export-name-fixture",
      "version": "1.0.0",
      "dependencies": { "fixture-lib": "1.0.0", "nested-consumer": "1.0.0" }
    },
    "node_modules/fixture-lib": { "version": "1.0.0" },
    "node_modules/nested-consumer": {
      "version": "1.0.0",
      "dependencies": { "fixture-lib": "1.0.0" }
    },
    "node_modules/nested-consumer/node_modules/fixture-lib": {
      "version": "1.0.0"
    }
  }
}
