{
  "name": "workspaces-fixture",
  "version": "1.0.0",
  "lockfileVersion": 3,
  "requires": true,
  "packages": {
    "": {
      "name": "workspaces-fixture",
      "version": "1.0.0",
      "private": true,
      "workspaces": ["packages/*"]
    },
    "node_modules/@scope/lib": {
      "resolved": "packages/scopedlib",
      "link": true
    },
    "node_modules/app": {
      "resolved": "packages/app",
      "link": true
    },
    "node_modules/condlib": {
      "resolved": "packages/condlib",
      "link": true
    },
    "node_modules/condsafelib": {
      "resolved": "packages/condsafelib",
      "link": true
    },
    "node_modules/dupa": {
      "resolved": "packages/dupa",
      "link": true
    },
    "node_modules/dupb": {
      "resolved": "packages/dupb",
      "link": true
    },
    "node_modules/expmainlib": {
      "resolved": "packages/expmainlib",
      "link": true
    },
    "node_modules/exportslib": {
      "resolved": "packages/exportslib",
      "link": true
    },
    "node_modules/filelib": {
      "resolved": "filelib",
      "link": true
    },
    "node_modules/fwdlib": {
      "resolved": "packages/fwdlib",
      "link": true
    },
    "node_modules/lib": {
      "resolved": "packages/lib",
      "link": true
    },
    "node_modules/linklib": {
      "resolved": "linklib",
      "link": true
    },
    "node_modules/mixedlib": {
      "resolved": "packages/mixedlib",
      "link": true
    },
    "node_modules/nestedlib": {
      "version": "1.0.0",
      "resolved": "https://registry.npmjs.org/nestedlib/-/nestedlib-1.0.0.tgz",
      "integrity": "sha512-0000000000000000000000000000000000000000000000000000000000000000000000000000000000000="
    },
    "node_modules/privlib": {
      "resolved": "packages/privlib",
      "link": true
    },
    "node_modules/safelib": {
      "resolved": "packages/safelib",
      "link": true
    },
    "node_modules/subpathonlylib": {
      "resolved": "packages/subpathonlylib",
      "link": true
    },
    "node_modules/twinlib": {
      "version": "1.0.0",
      "resolved": "https://registry.npmjs.org/twinlib/-/twinlib-1.0.0.tgz",
      "integrity": "sha512-1111111111111111111111111111111111111111111111111111111111111111111111111111111111111="
    },
    "filelib": {
      "name": "filelib",
      "version": "1.0.0"
    },
    "linklib": {
      "name": "linklib",
      "version": "1.0.0"
    },
    "packages/app": {
      "name": "app",
      "version": "1.0.0",
      "dependencies": {
        "@scope/lib": "*",
        "condlib": "*",
        "condsafelib": "*",
        "expmainlib": "*",
        "exportslib": "*",
        "filelib": "file:../filelib",
        "fwdlib": "workspace:~",
        "lib": "workspace:*",
        "linklib": "link:../linklib",
        "mixedlib": "*",
        "nestedlib": "*",
        "privlib": "*",
        "safelib": "workspace:^",
        "subpathonlylib": "*",
        "twinlib": "*"
      }
    },
    "packages/app/node_modules/nestedlib": {
      "version": "1.0.0",
      "resolved": "https://registry.npmjs.org/nestedlib/-/nestedlib-1.0.0.tgz",
      "integrity": "sha512-2222222222222222222222222222222222222222222222222222222222222222222222222222222222222="
    },
    "packages/condlib": {
      "name": "condlib",
      "version": "1.0.0"
    },
    "packages/condsafelib": {
      "name": "condsafelib",
      "version": "1.0.0"
    },
    "packages/dupa": {
      "name": "dup",
      "version": "1.0.0"
    },
    "packages/dupb": {
      "name": "dup",
      "version": "1.0.0"
    },
    "packages/expmainlib": {
      "name": "expmainlib",
      "version": "1.0.0"
    },
    "packages/exportslib": {
      "name": "exportslib",
      "version": "1.0.0"
    },
    "packages/fwdlib": {
      "name": "fwdlib",
      "version": "1.0.0"
    },
    "packages/lib": {
      "name": "lib",
      "version": "1.0.0"
    },
    "packages/lib/node_modules/mixedlib": {
      "version": "1.0.0",
      "resolved": "https://registry.npmjs.org/mixedlib/-/mixedlib-1.0.0.tgz",
      "integrity": "sha512-3333333333333333333333333333333333333333333333333333333333333333333333333333333333333="
    },
    "packages/mixedlib": {
      "name": "mixedlib",
      "version": "1.0.0"
    },
    "packages/privlib": {
      "name": "privlib"
    },
    "packages/safelib": {
      "name": "safelib",
      "version": "1.0.0"
    },
    "packages/scopedlib": {
      "name": "@scope/lib",
      "version": "1.0.0"
    },
    "packages/scopedtwin": {
      "name": "@scope/lib",
      "version": "1.0.0"
    },
    "packages/subpathonlylib": {
      "name": "subpathonlylib",
      "version": "1.0.0"
    },
    "packages/twinlib": {
      "name": "twinlib",
      "version": "1.0.0"
    }
  }
}
