{
  "name": "adv-026",
  "version": "1.0.0",
  "lockfileVersion": 3,
  "requires": true,
  "packages": {
    "": {
      "name": "adv-026",
      "version": "1.0.0",
      "dependencies": {
        "adv-vuln-lib": "2.0.0",
        "adv-consumer": "1.0.0"
      }
    },
    "node_modules/adv-vuln-lib": {
      "version": "2.0.0"
    },
    "node_modules/adv-consumer": {
      "version": "1.0.0",
      "dependencies": {
        "adv-vuln-lib": "1.0.0"
      }
    },
    "node_modules/adv-consumer/node_modules/adv-vuln-lib": {
      "version": "1.0.0"
    }
  }
}
